
Microsoft Visual Studio Solution File, Format Version 12.00
# Visual Studio Version 17
VisualStudioVersion = 17.14.36717.8 d17.14
MinimumVisualStudioVersion = 10.0.40219.1
Project("{FAE04EC0-301F-11D3-BF4B-00C04F79EFBC}") = "Simple User Management API", "Simple User Management API.csproj", "{409F2164-4B6C-40CA-B7A8-904A855AEFF0}"
EndProject
Global
	GlobalSection(SolutionConfigurationPlatforms) = preSolution
		Debug|Any CPU = Debug|Any CPU
		Release|Any CPU = Release|Any CPU
	EndGlobalSection
	GlobalSection(ProjectConfigurationPlatforms) = postSolution
		{409F2164-4B6C-40CA-B7A8-904A855AEFF0}.Debug|Any CPU.ActiveCfg = Debug|Any CPU
		{409F2164-4B6C-40CA-B7A8-904A855AEFF0}.Debug|Any CPU.Build.0 = Debug|Any CPU
		{409F2164-4B6C-40CA-B7A8-904A855AEFF0}.Release|Any CPU.ActiveCfg = Release|Any CPU
		{409F2164-4B6C-40CA-B7A8-904A855AEFF0}.Release|Any CPU.Build.0 = Release|Any CPU
	EndGlobalSection
	GlobalSection(SolutionProperties) = preSolution
		HideSolutionNode = FALSE
	EndGlobalSection
	GlobalSection(ExtensibilityGlobals) = postSolution
		SolutionGuid = {B8FAA886-B9BD-4CD2-BA00-0B6DB63A33FA}
	EndGlobalSection
EndGlobal
